Microsoft Visual Studio Solution File, Format Version 12.00
# Visual Studio Version 17
VisualStudioVersion = 17.5.2.0
MinimumVisualStudioVersion = 10.0.40219.1
Project("{FAE04EC0-301F-11D3-BF4B-00C04F79EFBC}") = "estudo07", "estudo07.csproj", "{CC053016-5D2B-1DDE-84CB-95E756B455CC}"
EndProject
Global
	GlobalSection(SolutionConfigurationPlatforms) = preSolution
		Debug|Any CPU = Debug|Any CPU
		Release|Any CPU = Release|Any CPU
	EndGlobalSection
	GlobalSection(ProjectConfigurationPlatforms) = postSolution
		{CC053016-5D2B-1DDE-84CB-95E756B455CC}.Debug|Any CPU.ActiveCfg = Debug|Any CPU
		{CC053016-5D2B-1DDE-84CB-95E756B455CC}.Debug|Any CPU.Build.0 = Debug|Any CPU
		{CC053016-5D2B-1DDE-84CB-95E756B455CC}.Release|Any CPU.ActiveCfg = Release|Any CPU
		{CC053016-5D2B-1DDE-84CB-95E756B455CC}.Release|Any CPU.Build.0 = Release|Any CPU
	EndGlobalSection
	GlobalSection(SolutionProperties) = preSolution
		HideSolutionNode = FALSE
	EndGlobalSection
	GlobalSection(ExtensibilityGlobals) = postSolution
		SolutionGuid = {D87A735A-0601-41C7-A674-A358DB0207A0}
	EndGlobalSection
EndGlobal
