
Microsoft Visual Studio Solution File, Format Version 12.00
# Visual Studio Version 17
VisualStudioVersion = 17.0.31903.59
MinimumVisualStudioVersion = 10.0.40219.1
Project("{FAE04EC0-301F-11D3-BF4B-00C04F79EFBC}") = "estudo01", "estudo01\estudo01.csproj", "{533EA5CF-03D3-4DB7-9535-9D19476102EA}"
EndProject
Project("{FAE04EC0-301F-11D3-BF4B-00C04F79EFBC}") = "estudo02", "estudo02\estudo02.csproj", "{B917B13E-17A6-4888-8A96-EDFF62DC1E76}"
EndProject
Project("{FAE04EC0-301F-11D3-BF4B-00C04F79EFBC}") = "estudo03", "estudo03\estudo03.csproj", "{74A4936E-217F-4D82-9E58-FC0316DE39AE}"
EndProject
Project("{FAE04EC0-301F-11D3-BF4B-00C04F79EFBC}") = "estudo04", "estudo04\estudo04.csproj", "{E4BE03CC-026A-45B4-81C5-C740D9B90D0E}"
EndProject
Project("{FAE04EC0-301F-11D3-BF4B-00C04F79EFBC}") = "estudo05", "estudo05\estudo05.csproj", "{C729C29C-6FB7-4BE8-B97D-42349D2BC7B0}"
EndProject
Project("{FAE04EC0-301F-11D3-BF4B-00C04F79EFBC}") = "estudo06", "estudo06\estudo06.csproj", "{D3ED9DFF-6E2C-48CA-95DB-3D99FF0539DE}"
EndProject
Project("{FAE04EC0-301F-11D3-BF4B-00C04F79EFBC}") = "estudo07", "estudo07\estudo07.csproj", "{B9FE188D-E6F1-4F46-A525-30EE73D0CC80}"
EndProject
Project("{FAE04EC0-301F-11D3-BF4B-00C04F79EFBC}") = "estudo08", "estudo08\estudo08.csproj", "{CF6994EF-2535-4836-ADBA-94C7E1B3A300}"
EndProject
Project("{FAE04EC0-301F-11D3-BF4B-00C04F79EFBC}") = "estudo09", "estudo09\estudo09.csproj", "{DB519C79-2285-4F9F-982F-22102CE479A6}"
EndProject
Project("{FAE04EC0-301F-11D3-BF4B-00C04F79EFBC}") = "estudo10", "estudo10\estudo10.csproj", "{35AF8622-438E-442C-8D9F-09E58F490AE3}"
EndProject
Project("{FAE04EC0-301F-11D3-BF4B-00C04F79EFBC}") = "estudo11", "estudo11\estudo11.csproj", "{868F154A-8BDB-4B01-B609-11657AC82A39}"
EndProject
Project("{FAE04EC0-301F-11D3-BF4B-00C04F79EFBC}") = "estudo12", "estudo12\estudo12.csproj", "{BB6F8C6E-B011-4D15-A407-0F548481BA71}"
EndProject
Project("{FAE04EC0-301F-11D3-BF4B-00C04F79EFBC}") = "estudo13", "estudo13\estudo13.csproj", "{4F913060-BD35-4DA1-955F-CAB420DB05FC}"
EndProject
Project("{FAE04EC0-301F-11D3-BF4B-00C04F79EFBC}") = "estudo14", "estudo14\estudo14.csproj", "{5B9218E9-CC47-4E2D-B2E1-DC4B24C80C91}"
EndProject
Project("{FAE04EC0-301F-11D3-BF4B-00C04F79EFBC}") = "estudo15", "estudo15\estudo15.csproj", "{F4F46C91-1CE0-4985-A6C8-93ABDD4E10D7}"
EndProject
Project("{FAE04EC0-301F-11D3-BF4B-00C04F79EFBC}") = "estudo16", "estudo16\estudo16.csproj", "{50EFF99D-D9D5-4BB6-86FB-25533BB52118}"
EndProject
Project("{FAE04EC0-301F-11D3-BF4B-00C04F79EFBC}") = "estudo17", "estudo17\estudo17.csproj", "{28861FDA-B9E4-42B1-8546-BB84E7F98429}"
EndProject
Project("{FAE04EC0-301F-11D3-BF4B-00C04F79EFBC}") = "estudo18", "estudo18\estudo18.csproj", "{BF04186E-AB27-4650-A142-1AB03598B184}"
EndProject
Project("{FAE04EC0-301F-11D3-BF4B-00C04F79EFBC}") = "estudo22", "estudo22\estudo22.csproj", "{C65F3F72-6795-40D6-A8E3-4ADBCA131912}"
EndProject
Project("{FAE04EC0-301F-11D3-BF4B-00C04F79EFBC}") = "estudo23", "estudo23\estudo23.csproj", "{A1632B8F-3052-466F-9598-69563751FA49}"
EndProject
Project("{FAE04EC0-301F-11D3-BF4B-00C04F79EFBC}") = "estudo24", "estudo24\estudo24.csproj", "{820F6EE4-EF33-4D05-8770-2B5A4967A8A7}"
EndProject
Global
	GlobalSection(SolutionConfigurationPlatforms) = preSolution
		Debug|Any CPU = Debug|Any CPU
		Debug|x64 = Debug|x64
		Debug|x86 = Debug|x86
		Release|Any CPU = Release|Any CPU
		Release|x64 = Release|x64
		Release|x86 = Release|x86
	EndGlobalSection
	GlobalSection(ProjectConfigurationPlatforms) = postSolution
		{533EA5CF-03D3-4DB7-9535-9D19476102EA}.Debug|Any CPU.ActiveCfg = Debug|Any CPU
		{533EA5CF-03D3-4DB7-9535-9D19476102EA}.Debug|Any CPU.Build.0 = Debug|Any CPU
		{533EA5CF-03D3-4DB7-9535-9D19476102EA}.Debug|x64.ActiveCfg = Debug|Any CPU
		{533EA5CF-03D3-4DB7-9535-9D19476102EA}.Debug|x64.Build.0 = Debug|Any CPU
		{533EA5CF-03D3-4DB7-9535-9D19476102EA}.Debug|x86.ActiveCfg = Debug|Any CPU
		{533EA5CF-03D3-4DB7-9535-9D19476102EA}.Debug|x86.Build.0 = Debug|Any CPU
		{533EA5CF-03D3-4DB7-9535-9D19476102EA}.Release|Any CPU.ActiveCfg = Release|Any CPU
		{533EA5CF-03D3-4DB7-9535-9D19476102EA}.Release|Any CPU.Build.0 = Release|Any CPU
		{533EA5CF-03D3-4DB7-9535-9D19476102EA}.Release|x64.ActiveCfg = Release|Any CPU
		{533EA5CF-03D3-4DB7-9535-9D19476102EA}.Release|x64.Build.0 = Release|Any CPU
		{533EA5CF-03D3-4DB7-9535-9D19476102EA}.Release|x86.ActiveCfg = Release|Any CPU
		{533EA5CF-03D3-4DB7-9535-9D19476102EA}.Release|x86.Build.0 = Release|Any CPU
		{B917B13E-17A6-4888-8A96-EDFF62DC1E76}.Debug|Any CPU.ActiveCfg = Debug|Any CPU
		{B917B13E-17A6-4888-8A96-EDFF62DC1E76}.Debug|Any CPU.Build.0 = Debug|Any CPU
		{B917B13E-17A6-4888-8A96-EDFF62DC1E76}.Debug|x64.ActiveCfg = Debug|Any CPU
		{B917B13E-17A6-4888-8A96-EDFF62DC1E76}.Debug|x64.Build.0 = Debug|Any CPU
		{B917B13E-17A6-4888-8A96-EDFF62DC1E76}.Debug|x86.ActiveCfg = Debug|Any CPU
		{B917B13E-17A6-4888-8A96-EDFF62DC1E76}.Debug|x86.Build.0 = Debug|Any CPU
		{B917B13E-17A6-4888-8A96-EDFF62DC1E76}.Release|Any CPU.ActiveCfg = Release|Any CPU
		{B917B13E-17A6-4888-8A96-EDFF62DC1E76}.Release|Any CPU.Build.0 = Release|Any CPU
		{B917B13E-17A6-4888-8A96-EDFF62DC1E76}.Release|x64.ActiveCfg = Release|Any CPU
		{B917B13E-17A6-4888-8A96-EDFF62DC1E76}.Release|x64.Build.0 = Release|Any CPU
		{B917B13E-17A6-4888-8A96-EDFF62DC1E76}.Release|x86.ActiveCfg = Release|Any CPU
		{B917B13E-17A6-4888-8A96-EDFF62DC1E76}.Release|x86.Build.0 = Release|Any CPU
		{74A4936E-217F-4D82-9E58-FC0316DE39AE}.Debug|Any CPU.ActiveCfg = Debug|Any CPU
		{74A4936E-217F-4D82-9E58-FC0316DE39AE}.Debug|Any CPU.Build.0 = Debug|Any CPU
		{74A4936E-217F-4D82-9E58-FC0316DE39AE}.Debug|x64.ActiveCfg = Debug|Any CPU
		{74A4936E-217F-4D82-9E58-FC0316DE39AE}.Debug|x64.Build.0 = Debug|Any CPU
		{74A4936E-217F-4D82-9E58-FC0316DE39AE}.Debug|x86.ActiveCfg = Debug|Any CPU
		{74A4936E-217F-4D82-9E58-FC0316DE39AE}.Debug|x86.Build.0 = Debug|Any CPU
		{74A4936E-217F-4D82-9E58-FC0316DE39AE}.Release|Any CPU.ActiveCfg = Release|Any CPU
		{74A4936E-217F-4D82-9E58-FC0316DE39AE}.Release|Any CPU.Build.0 = Release|Any CPU
		{74A4936E-217F-4D82-9E58-FC0316DE39AE}.Release|x64.ActiveCfg = Release|Any CPU
		{74A4936E-217F-4D82-9E58-FC0316DE39AE}.Release|x64.Build.0 = Release|Any CPU
		{74A4936E-217F-4D82-9E58-FC0316DE39AE}.Release|x86.ActiveCfg = Release|Any CPU
		{74A4936E-217F-4D82-9E58-FC0316DE39AE}.Release|x86.Build.0 = Release|Any CPU
		{E4BE03CC-026A-45B4-81C5-C740D9B90D0E}.Debug|Any CPU.ActiveCfg = Debug|Any CPU
		{E4BE03CC-026A-45B4-81C5-C740D9B90D0E}.Debug|Any CPU.Build.0 = Debug|Any CPU
		{E4BE03CC-026A-45B4-81C5-C740D9B90D0E}.Debug|x64.ActiveCfg = Debug|Any CPU
		{E4BE03CC-026A-45B4-81C5-C740D9B90D0E}.Debug|x64.Build.0 = Debug|Any CPU
		{E4BE03CC-026A-45B4-81C5-C740D9B90D0E}.Debug|x86.ActiveCfg = Debug|Any CPU
		{E4BE03CC-026A-45B4-81C5-C740D9B90D0E}.Debug|x86.Build.0 = Debug|Any CPU
		{E4BE03CC-026A-45B4-81C5-C740D9B90D0E}.Release|Any CPU.ActiveCfg = Release|Any CPU
		{E4BE03CC-026A-45B4-81C5-C740D9B90D0E}.Release|Any CPU.Build.0 = Release|Any CPU
		{E4BE03CC-026A-45B4-81C5-C740D9B90D0E}.Release|x64.ActiveCfg = Release|Any CPU
		{E4BE03CC-026A-45B4-81C5-C740D9B90D0E}.Release|x64.Build.0 = Release|Any CPU
		{E4BE03CC-026A-45B4-81C5-C740D9B90D0E}.Release|x86.ActiveCfg = Release|Any CPU
		{E4BE03CC-026A-45B4-81C5-C740D9B90D0E}.Release|x86.Build.0 = Release|Any CPU
		{C729C29C-6FB7-4BE8-B97D-42349D2BC7B0}.Debug|Any CPU.ActiveCfg = Debug|Any CPU
		{C729C29C-6FB7-4BE8-B97D-42349D2BC7B0}.Debug|Any CPU.Build.0 = Debug|Any CPU
		{C729C29C-6FB7-4BE8-B97D-42349D2BC7B0}.Debug|x64.ActiveCfg = Debug|Any CPU
		{C729C29C-6FB7-4BE8-B97D-42349D2BC7B0}.Debug|x64.Build.0 = Debug|Any CPU
		{C729C29C-6FB7-4BE8-B97D-42349D2BC7B0}.Debug|x86.ActiveCfg = Debug|Any CPU
		{C729C29C-6FB7-4BE8-B97D-42349D2BC7B0}.Debug|x86.Build.0 = Debug|Any CPU
		{C729C29C-6FB7-4BE8-B97D-42349D2BC7B0}.Release|Any CPU.ActiveCfg = Release|Any CPU
		{C729C29C-6FB7-4BE8-B97D-42349D2BC7B0}.Release|Any CPU.Build.0 = Release|Any CPU
		{C729C29C-6FB7-4BE8-B97D-42349D2BC7B0}.Release|x64.ActiveCfg = Release|Any CPU
		{C729C29C-6FB7-4BE8-B97D-42349D2BC7B0}.Release|x64.Build.0 = Release|Any CPU
		{C729C29C-6FB7-4BE8-B97D-42349D2BC7B0}.Release|x86.ActiveCfg = Release|Any CPU
		{C729C29C-6FB7-4BE8-B97D-42349D2BC7B0}.Release|x86.Build.0 = Release|Any CPU
		{D3ED9DFF-6E2C-48CA-95DB-3D99FF0539DE}.Debug|Any CPU.ActiveCfg = Debug|Any CPU
		{D3ED9DFF-6E2C-48CA-95DB-3D99FF0539DE}.Debug|Any CPU.Build.0 = Debug|Any CPU
		{D3ED9DFF-6E2C-48CA-95DB-3D99FF0539DE}.Debug|x64.ActiveCfg = Debug|Any CPU
		{D3ED9DFF-6E2C-48CA-95DB-3D99FF0539DE}.Debug|x64.Build.0 = Debug|Any CPU
		{D3ED9DFF-6E2C-48CA-95DB-3D99FF0539DE}.Debug|x86.ActiveCfg = Debug|Any CPU
		{D3ED9DFF-6E2C-48CA-95DB-3D99FF0539DE}.Debug|x86.Build.0 = Debug|Any CPU
		{D3ED9DFF-6E2C-48CA-95DB-3D99FF0539DE}.Release|Any CPU.ActiveCfg = Release|Any CPU
		{D3ED9DFF-6E2C-48CA-95DB-3D99FF0539DE}.Release|Any CPU.Build.0 = Release|Any CPU
		{D3ED9DFF-6E2C-48CA-95DB-3D99FF0539DE}.Release|x64.ActiveCfg = Release|Any CPU
		{D3ED9DFF-6E2C-48CA-95DB-3D99FF0539DE}.Release|x64.Build.0 = Release|Any CPU
		{D3ED9DFF-6E2C-48CA-95DB-3D99FF0539DE}.Release|x86.ActiveCfg = Release|Any CPU
		{D3ED9DFF-6E2C-48CA-95DB-3D99FF0539DE}.Release|x86.Build.0 = Release|Any CPU
		{B9FE188D-E6F1-4F46-A525-30EE73D0CC80}.Debug|Any CPU.ActiveCfg = Debug|Any CPU
		{B9FE188D-E6F1-4F46-A525-30EE73D0CC80}.Debug|Any CPU.Build.0 = Debug|Any CPU
		{B9FE188D-E6F1-4F46-A525-30EE73D0CC80}.Debug|x64.ActiveCfg = Debug|Any CPU
		{B9FE188D-E6F1-4F46-A525-30EE73D0CC80}.Debug|x64.Build.0 = Debug|Any CPU
		{B9FE188D-E6F1-4F46-A525-30EE73D0CC80}.Debug|x86.ActiveCfg = Debug|Any CPU
		{B9FE188D-E6F1-4F46-A525-30EE73D0CC80}.Debug|x86.Build.0 = Debug|Any CPU
		{B9FE188D-E6F1-4F46-A525-30EE73D0CC80}.Release|Any CPU.ActiveCfg = Release|Any CPU
		{B9FE188D-E6F1-4F46-A525-30EE73D0CC80}.Release|Any CPU.Build.0 = Release|Any CPU
		{B9FE188D-E6F1-4F46-A525-30EE73D0CC80}.Release|x64.ActiveCfg = Release|Any CPU
		{B9FE188D-E6F1-4F46-A525-30EE73D0CC80}.Release|x64.Build.0 = Release|Any CPU
		{B9FE188D-E6F1-4F46-A525-30EE73D0CC80}.Release|x86.ActiveCfg = Release|Any CPU
		{B9FE188D-E6F1-4F46-A525-30EE73D0CC80}.Release|x86.Build.0 = Release|Any CPU
		{CF6994EF-2535-4836-ADBA-94C7E1B3A300}.Debug|Any CPU.ActiveCfg = Debug|Any CPU
		{CF6994EF-2535-4836-ADBA-94C7E1B3A300}.Debug|Any CPU.Build.0 = Debug|Any CPU
		{CF6994EF-2535-4836-ADBA-94C7E1B3A300}.Debug|x64.ActiveCfg = Debug|Any CPU
		{CF6994EF-2535-4836-ADBA-94C7E1B3A300}.Debug|x64.Build.0 = Debug|Any CPU
		{CF6994EF-2535-4836-ADBA-94C7E1B3A300}.Debug|x86.ActiveCfg = Debug|Any CPU
		{CF6994EF-2535-4836-ADBA-94C7E1B3A300}.Debug|x86.Build.0 = Debug|Any CPU
		{CF6994EF-2535-4836-ADBA-94C7E1B3A300}.Release|Any CPU.ActiveCfg = Release|Any CPU
		{CF6994EF-2535-4836-ADBA-94C7E1B3A300}.Release|Any CPU.Build.0 = Release|Any CPU
		{CF6994EF-2535-4836-ADBA-94C7E1B3A300}.Release|x64.ActiveCfg = Release|Any CPU
		{CF6994EF-2535-4836-ADBA-94C7E1B3A300}.Release|x64.Build.0 = Release|Any CPU
		{CF6994EF-2535-4836-ADBA-94C7E1B3A300}.Release|x86.ActiveCfg = Release|Any CPU
		{CF6994EF-2535-4836-ADBA-94C7E1B3A300}.Release|x86.Build.0 = Release|Any CPU
		{DB519C79-2285-4F9F-982F-22102CE479A6}.Debug|Any CPU.ActiveCfg = Debug|Any CPU
		{DB519C79-2285-4F9F-982F-22102CE479A6}.Debug|Any CPU.Build.0 = Debug|Any CPU
		{DB519C79-2285-4F9F-982F-22102CE479A6}.Debug|x64.ActiveCfg = Debug|Any CPU
		{DB519C79-2285-4F9F-982F-22102CE479A6}.Debug|x64.Build.0 = Debug|Any CPU
		{DB519C79-2285-4F9F-982F-22102CE479A6}.Debug|x86.ActiveCfg = Debug|Any CPU
		{DB519C79-2285-4F9F-982F-22102CE479A6}.Debug|x86.Build.0 = Debug|Any CPU
		{DB519C79-2285-4F9F-982F-22102CE479A6}.Release|Any CPU.ActiveCfg = Release|Any CPU
		{DB519C79-2285-4F9F-982F-22102CE479A6}.Release|Any CPU.Build.0 = Release|Any CPU
		{DB519C79-2285-4F9F-982F-22102CE479A6}.Release|x64.ActiveCfg = Release|Any CPU
		{DB519C79-2285-4F9F-982F-22102CE479A6}.Release|x64.Build.0 = Release|Any CPU
		{DB519C79-2285-4F9F-982F-22102CE479A6}.Release|x86.ActiveCfg = Release|Any CPU
		{DB519C79-2285-4F9F-982F-22102CE479A6}.Release|x86.Build.0 = Release|Any CPU
		{35AF8622-438E-442C-8D9F-09E58F490AE3}.Debug|Any CPU.ActiveCfg = Debug|Any CPU
		{35AF8622-438E-442C-8D9F-09E58F490AE3}.Debug|Any CPU.Build.0 = Debug|Any CPU
		{35AF8622-438E-442C-8D9F-09E58F490AE3}.Debug|x64.ActiveCfg = Debug|Any CPU
		{35AF8622-438E-442C-8D9F-09E58F490AE3}.Debug|x64.Build.0 = Debug|Any CPU
		{35AF8622-438E-442C-8D9F-09E58F490AE3}.Debug|x86.ActiveCfg = Debug|Any CPU
		{35AF8622-438E-442C-8D9F-09E58F490AE3}.Debug|x86.Build.0 = Debug|Any CPU
		{35AF8622-438E-442C-8D9F-09E58F490AE3}.Release|Any CPU.ActiveCfg = Release|Any CPU
		{35AF8622-438E-442C-8D9F-09E58F490AE3}.Release|Any CPU.Build.0 = Release|Any CPU
		{35AF8622-438E-442C-8D9F-09E58F490AE3}.Release|x64.ActiveCfg = Release|Any CPU
		{35AF8622-438E-442C-8D9F-09E58F490AE3}.Release|x64.Build.0 = Release|Any CPU
		{35AF8622-438E-442C-8D9F-09E58F490AE3}.Release|x86.ActiveCfg = Release|Any CPU
		{35AF8622-438E-442C-8D9F-09E58F490AE3}.Release|x86.Build.0 = Release|Any CPU
		{868F154A-8BDB-4B01-B609-11657AC82A39}.Debug|Any CPU.ActiveCfg = Debug|Any CPU
		{868F154A-8BDB-4B01-B609-11657AC82A39}.Debug|Any CPU.Build.0 = Debug|Any CPU
		{868F154A-8BDB-4B01-B609-11657AC82A39}.Debug|x64.ActiveCfg = Debug|Any CPU
		{868F154A-8BDB-4B01-B609-11657AC82A39}.Debug|x64.Build.0 = Debug|Any CPU
		{868F154A-8BDB-4B01-B609-11657AC82A39}.Debug|x86.ActiveCfg = Debug|Any CPU
		{868F154A-8BDB-4B01-B609-11657AC82A39}.Debug|x86.Build.0 = Debug|Any CPU
		{868F154A-8BDB-4B01-B609-11657AC82A39}.Release|Any CPU.ActiveCfg = Release|Any CPU
		{868F154A-8BDB-4B01-B609-11657AC82A39}.Release|Any CPU.Build.0 = Release|Any CPU
		{868F154A-8BDB-4B01-B609-11657AC82A39}.Release|x64.ActiveCfg = Release|Any CPU
		{868F154A-8BDB-4B01-B609-11657AC82A39}.Release|x64.Build.0 = Release|Any CPU
		{868F154A-8BDB-4B01-B609-11657AC82A39}.Release|x86.ActiveCfg = Release|Any CPU
		{868F154A-8BDB-4B01-B609-11657AC82A39}.Release|x86.Build.0 = Release|Any CPU
		{BB6F8C6E-B011-4D15-A407-0F548481BA71}.Debug|Any CPU.ActiveCfg = Debug|Any CPU
		{BB6F8C6E-B011-4D15-A407-0F548481BA71}.Debug|Any CPU.Build.0 = Debug|Any CPU
		{BB6F8C6E-B011-4D15-A407-0F548481BA71}.Debug|x64.ActiveCfg = Debug|Any CPU
		{BB6F8C6E-B011-4D15-A407-0F548481BA71}.Debug|x64.Build.0 = Debug|Any CPU
		{BB6F8C6E-B011-4D15-A407-0F548481BA71}.Debug|x86.ActiveCfg = Debug|Any CPU
		{BB6F8C6E-B011-4D15-A407-0F548481BA71}.Debug|x86.Build.0 = Debug|Any CPU
		{BB6F8C6E-B011-4D15-A407-0F548481BA71}.Release|Any CPU.ActiveCfg = Release|Any CPU
		{BB6F8C6E-B011-4D15-A407-0F548481BA71}.Release|Any CPU.Build.0 = Release|Any CPU
		{BB6F8C6E-B011-4D15-A407-0F548481BA71}.Release|x64.ActiveCfg = Release|Any CPU
		{BB6F8C6E-B011-4D15-A407-0F548481BA71}.Release|x64.Build.0 = Release|Any CPU
		{BB6F8C6E-B011-4D15-A407-0F548481BA71}.Release|x86.ActiveCfg = Release|Any CPU
		{BB6F8C6E-B011-4D15-A407-0F548481BA71}.Release|x86.Build.0 = Release|Any CPU
		{4F913060-BD35-4DA1-955F-CAB420DB05FC}.Debug|Any CPU.ActiveCfg = Debug|Any CPU
		{4F913060-BD35-4DA1-955F-CAB420DB05FC}.Debug|Any CPU.Build.0 = Debug|Any CPU
		{4F913060-BD35-4DA1-955F-CAB420DB05FC}.Debug|x64.ActiveCfg = Debug|Any CPU
		{4F913060-BD35-4DA1-955F-CAB420DB05FC}.Debug|x64.Build.0 = Debug|Any CPU
		{4F913060-BD35-4DA1-955F-CAB420DB05FC}.Debug|x86.ActiveCfg = Debug|Any CPU
		{4F913060-BD35-4DA1-955F-CAB420DB05FC}.Debug|x86.Build.0 = Debug|Any CPU
		{4F913060-BD35-4DA1-955F-CAB420DB05FC}.Release|Any CPU.ActiveCfg = Release|Any CPU
		{4F913060-BD35-4DA1-955F-CAB420DB05FC}.Release|Any CPU.Build.0 = Release|Any CPU
		{4F913060-BD35-4DA1-955F-CAB420DB05FC}.Release|x64.ActiveCfg = Release|Any CPU
		{4F913060-BD35-4DA1-955F-CAB420DB05FC}.Release|x64.Build.0 = Release|Any CPU
		{4F913060-BD35-4DA1-955F-CAB420DB05FC}.Release|x86.ActiveCfg = Release|Any CPU
		{4F913060-BD35-4DA1-955F-CAB420DB05FC}.Release|x86.Build.0 = Release|Any CPU
		{5B9218E9-CC47-4E2D-B2E1-DC4B24C80C91}.Debug|Any CPU.ActiveCfg = Debug|Any CPU
		{5B9218E9-CC47-4E2D-B2E1-DC4B24C80C91}.Debug|Any CPU.Build.0 = Debug|Any CPU
		{5B9218E9-CC47-4E2D-B2E1-DC4B24C80C91}.Debug|x64.ActiveCfg = Debug|Any CPU
		{5B9218E9-CC47-4E2D-B2E1-DC4B24C80C91}.Debug|x64.Build.0 = Debug|Any CPU
		{5B9218E9-CC47-4E2D-B2E1-DC4B24C80C91}.Debug|x86.ActiveCfg = Debug|Any CPU
		{5B9218E9-CC47-4E2D-B2E1-DC4B24C80C91}.Debug|x86.Build.0 = Debug|Any CPU
		{5B9218E9-CC47-4E2D-B2E1-DC4B24C80C91}.Release|Any CPU.ActiveCfg = Release|Any CPU
		{5B9218E9-CC47-4E2D-B2E1-DC4B24C80C91}.Release|Any CPU.Build.0 = Release|Any CPU
		{5B9218E9-CC47-4E2D-B2E1-DC4B24C80C91}.Release|x64.ActiveCfg = Release|Any CPU
		{5B9218E9-CC47-4E2D-B2E1-DC4B24C80C91}.Release|x64.Build.0 = Release|Any CPU
		{5B9218E9-CC47-4E2D-B2E1-DC4B24C80C91}.Release|x86.ActiveCfg = Release|Any CPU
		{5B9218E9-CC47-4E2D-B2E1-DC4B24C80C91}.Release|x86.Build.0 = Release|Any CPU
		{F4F46C91-1CE0-4985-A6C8-93ABDD4E10D7}.Debug|Any CPU.ActiveCfg = Debug|Any CPU
		{F4F46C91-1CE0-4985-A6C8-93ABDD4E10D7}.Debug|Any CPU.Build.0 = Debug|Any CPU
		{F4F46C91-1CE0-4985-A6C8-93ABDD4E10D7}.Debug|x64.ActiveCfg = Debug|Any CPU
		{F4F46C91-1CE0-4985-A6C8-93ABDD4E10D7}.Debug|x64.Build.0 = Debug|Any CPU
		{F4F46C91-1CE0-4985-A6C8-93ABDD4E10D7}.Debug|x86.ActiveCfg = Debug|Any CPU
		{F4F46C91-1CE0-4985-A6C8-93ABDD4E10D7}.Debug|x86.Build.0 = Debug|Any CPU
		{F4F46C91-1CE0-4985-A6C8-93ABDD4E10D7}.Release|Any CPU.ActiveCfg = Release|Any CPU
		{F4F46C91-1CE0-4985-A6C8-93ABDD4E10D7}.Release|Any CPU.Build.0 = Release|Any CPU
		{F4F46C91-1CE0-4985-A6C8-93ABDD4E10D7}.Release|x64.ActiveCfg = Release|Any CPU
		{F4F46C91-1CE0-4985-A6C8-93ABDD4E10D7}.Release|x64.Build.0 = Release|Any CPU
		{F4F46C91-1CE0-4985-A6C8-93ABDD4E10D7}.Release|x86.ActiveCfg = Release|Any CPU
		{F4F46C91-1CE0-4985-A6C8-93ABDD4E10D7}.Release|x86.Build.0 = Release|Any CPU
		{50EFF99D-D9D5-4BB6-86FB-25533BB52118}.Debug|Any CPU.ActiveCfg = Debug|Any CPU
		{50EFF99D-D9D5-4BB6-86FB-25533BB52118}.Debug|Any CPU.Build.0 = Debug|Any CPU
		{50EFF99D-D9D5-4BB6-86FB-25533BB52118}.Debug|x64.ActiveCfg = Debug|Any CPU
		{50EFF99D-D9D5-4BB6-86FB-25533BB52118}.Debug|x64.Build.0 = Debug|Any CPU
		{50EFF99D-D9D5-4BB6-86FB-25533BB52118}.Debug|x86.ActiveCfg = Debug|Any CPU
		{50EFF99D-D9D5-4BB6-86FB-25533BB52118}.Debug|x86.Build.0 = Debug|Any CPU
		{50EFF99D-D9D5-4BB6-86FB-25533BB52118}.Release|Any CPU.ActiveCfg = Release|Any CPU
		{50EFF99D-D9D5-4BB6-86FB-25533BB52118}.Release|Any CPU.Build.0 = Release|Any CPU
		{50EFF99D-D9D5-4BB6-86FB-25533BB52118}.Release|x64.ActiveCfg = Release|Any CPU
		{50EFF99D-D9D5-4BB6-86FB-25533BB52118}.Release|x64.Build.0 = Release|Any CPU
		{50EFF99D-D9D5-4BB6-86FB-25533BB52118}.Release|x86.ActiveCfg = Release|Any CPU
		{50EFF99D-D9D5-4BB6-86FB-25533BB52118}.Release|x86.Build.0 = Release|Any CPU
		{28861FDA-B9E4-42B1-8546-BB84E7F98429}.Debug|Any CPU.ActiveCfg = Debug|Any CPU
		{28861FDA-B9E4-42B1-8546-BB84E7F98429}.Debug|Any CPU.Build.0 = Debug|Any CPU
		{28861FDA-B9E4-42B1-8546-BB84E7F98429}.Debug|x64.ActiveCfg = Debug|Any CPU
		{28861FDA-B9E4-42B1-8546-BB84E7F98429}.Debug|x64.Build.0 = Debug|Any CPU
		{28861FDA-B9E4-42B1-8546-BB84E7F98429}.Debug|x86.ActiveCfg = Debug|Any CPU
		{28861FDA-B9E4-42B1-8546-BB84E7F98429}.Debug|x86.Build.0 = Debug|Any CPU
		{28861FDA-B9E4-42B1-8546-BB84E7F98429}.Release|Any CPU.ActiveCfg = Release|Any CPU
		{28861FDA-B9E4-42B1-8546-BB84E7F98429}.Release|Any CPU.Build.0 = Release|Any CPU
		{28861FDA-B9E4-42B1-8546-BB84E7F98429}.Release|x64.ActiveCfg = Release|Any CPU
		{28861FDA-B9E4-42B1-8546-BB84E7F98429}.Release|x64.Build.0 = Release|Any CPU
		{28861FDA-B9E4-42B1-8546-BB84E7F98429}.Release|x86.ActiveCfg = Release|Any CPU
		{28861FDA-B9E4-42B1-8546-BB84E7F98429}.Release|x86.Build.0 = Release|Any CPU
		{BF04186E-AB27-4650-A142-1AB03598B184}.Debug|Any CPU.ActiveCfg = Debug|Any CPU
		{BF04186E-AB27-4650-A142-1AB03598B184}.Debug|Any CPU.Build.0 = Debug|Any CPU
		{BF04186E-AB27-4650-A142-1AB03598B184}.Debug|x64.ActiveCfg = Debug|Any CPU
		{BF04186E-AB27-4650-A142-1AB03598B184}.Debug|x64.Build.0 = Debug|Any CPU
		{BF04186E-AB27-4650-A142-1AB03598B184}.Debug|x86.ActiveCfg = Debug|Any CPU
		{BF04186E-AB27-4650-A142-1AB03598B184}.Debug|x86.Build.0 = Debug|Any CPU
		{BF04186E-AB27-4650-A142-1AB03598B184}.Release|Any CPU.ActiveCfg = Release|Any CPU
		{BF04186E-AB27-4650-A142-1AB03598B184}.Release|Any CPU.Build.0 = Release|Any CPU
		{BF04186E-AB27-4650-A142-1AB03598B184}.Release|x64.ActiveCfg = Release|Any CPU
		{BF04186E-AB27-4650-A142-1AB03598B184}.Release|x64.Build.0 = Release|Any CPU
		{BF04186E-AB27-4650-A142-1AB03598B184}.Release|x86.ActiveCfg = Release|Any CPU
		{BF04186E-AB27-4650-A142-1AB03598B184}.Release|x86.Build.0 = Release|Any CPU
		{C65F3F72-6795-40D6-A8E3-4ADBCA131912}.Debug|Any CPU.ActiveCfg = Debug|Any CPU
		{C65F3F72-6795-40D6-A8E3-4ADBCA131912}.Debug|Any CPU.Build.0 = Debug|Any CPU
		{C65F3F72-6795-40D6-A8E3-4ADBCA131912}.Debug|x64.ActiveCfg = Debug|Any CPU
		{C65F3F72-6795-40D6-A8E3-4ADBCA131912}.Debug|x64.Build.0 = Debug|Any CPU
		{C65F3F72-6795-40D6-A8E3-4ADBCA131912}.Debug|x86.ActiveCfg = Debug|Any CPU
		{C65F3F72-6795-40D6-A8E3-4ADBCA131912}.Debug|x86.Build.0 = Debug|Any CPU
		{C65F3F72-6795-40D6-A8E3-4ADBCA131912}.Release|Any CPU.ActiveCfg = Release|Any CPU
		{C65F3F72-6795-40D6-A8E3-4ADBCA131912}.Release|Any CPU.Build.0 = Release|Any CPU
		{C65F3F72-6795-40D6-A8E3-4ADBCA131912}.Release|x64.ActiveCfg = Release|Any CPU
		{C65F3F72-6795-40D6-A8E3-4ADBCA131912}.Release|x64.Build.0 = Release|Any CPU
		{C65F3F72-6795-40D6-A8E3-4ADBCA131912}.Release|x86.ActiveCfg = Release|Any CPU
		{C65F3F72-6795-40D6-A8E3-4ADBCA131912}.Release|x86.Build.0 = Release|Any CPU
		{A1632B8F-3052-466F-9598-69563751FA49}.Debug|Any CPU.ActiveCfg = Debug|Any CPU
		{A1632B8F-3052-466F-9598-69563751FA49}.Debug|Any CPU.Build.0 = Debug|Any CPU
		{A1632B8F-3052-466F-9598-69563751FA49}.Debug|x64.ActiveCfg = Debug|Any CPU
		{A1632B8F-3052-466F-9598-69563751FA49}.Debug|x64.Build.0 = Debug|Any CPU
		{A1632B8F-3052-466F-9598-69563751FA49}.Debug|x86.ActiveCfg = Debug|Any CPU
		{A1632B8F-3052-466F-9598-69563751FA49}.Debug|x86.Build.0 = Debug|Any CPU
		{A1632B8F-3052-466F-9598-69563751FA49}.Release|Any CPU.ActiveCfg = Release|Any CPU
		{A1632B8F-3052-466F-9598-69563751FA49}.Release|Any CPU.Build.0 = Release|Any CPU
		{A1632B8F-3052-466F-9598-69563751FA49}.Release|x64.ActiveCfg = Release|Any CPU
		{A1632B8F-3052-466F-9598-69563751FA49}.Release|x64.Build.0 = Release|Any CPU
		{A1632B8F-3052-466F-9598-69563751FA49}.Release|x86.ActiveCfg = Release|Any CPU
		{A1632B8F-3052-466F-9598-69563751FA49}.Release|x86.Build.0 = Release|Any CPU
		{820F6EE4-EF33-4D05-8770-2B5A4967A8A7}.Debug|Any CPU.ActiveCfg = Debug|Any CPU
		{820F6EE4-EF33-4D05-8770-2B5A4967A8A7}.Debug|Any CPU.Build.0 = Debug|Any CPU
		{820F6EE4-EF33-4D05-8770-2B5A4967A8A7}.Debug|x64.ActiveCfg = Debug|Any CPU
		{820F6EE4-EF33-4D05-8770-2B5A4967A8A7}.Debug|x64.Build.0 = Debug|Any CPU
		{820F6EE4-EF33-4D05-8770-2B5A4967A8A7}.Debug|x86.ActiveCfg = Debug|Any CPU
		{820F6EE4-EF33-4D05-8770-2B5A4967A8A7}.Debug|x86.Build.0 = Debug|Any CPU
		{820F6EE4-EF33-4D05-8770-2B5A4967A8A7}.Release|Any CPU.ActiveCfg = Release|Any CPU
		{820F6EE4-EF33-4D05-8770-2B5A4967A8A7}.Release|Any CPU.Build.0 = Release|Any CPU
		{820F6EE4-EF33-4D05-8770-2B5A4967A8A7}.Release|x64.ActiveCfg = Release|Any CPU
		{820F6EE4-EF33-4D05-8770-2B5A4967A8A7}.Release|x64.Build.0 = Release|Any CPU
		{820F6EE4-EF33-4D05-8770-2B5A4967A8A7}.Release|x86.ActiveCfg = Release|Any CPU
		{820F6EE4-EF33-4D05-8770-2B5A4967A8A7}.Release|x86.Build.0 = Release|Any CPU
	EndGlobalSection
	GlobalSection(SolutionProperties) = preSolution
		HideSolutionNode = FALSE
	EndGlobalSection
EndGlobal
